
Microsoft Visual Studio Solution File, Format Version 12.00
# Visual Studio 15
Project("{FAE04EC0-301F-11D3-BF4B-00C04F79EFBC}") = "DocumentMerger", "DocumentMerger\DocumentMerger.csproj", "{BAFFE5B2-9146-4D21-AD62-F09AE8A9A539}"
EndProject
Global
	GlobalSection(SolutionConfigurationPlatforms) = preSolution
		Debug|Any CPU = Debug|Any CPU
		Release|Any CPU = Release|Any CPU
	EndGlobalSection
	GlobalSection(ProjectConfigurationPlatforms) = postSolution
		{BAFFE5B2-9146-4D21-AD62-F09AE8A9A539}.Debug|Any CPU.ActiveCfg = Debug|Any CPU
		{BAFFE5B2-9146-4D21-AD62-F09AE8A9A539}.Debug|Any CPU.Build.0 = Debug|Any CPU
		{BAFFE5B2-9146-4D21-AD62-F09AE8A9A539}.Release|Any CPU.ActiveCfg = Release|Any CPU
		{BAFFE5B2-9146-4D21-AD62-F09AE8A9A539}.Release|Any CPU.Build.0 = Release|Any CPU
	EndGlobalSection
EndGlobal
